
Microsoft Visual Studio Solution File, Format Version 12.00
# Visual Studio Version 16
VisualStudioVersion = 16.0.30309.148
MinimumVisualStudioVersion = 10.0.40219.1
Project("{FAE04EC0-301F-11D3-BF4B-00C04F79EFBC}") = "Xadrez-console", "Xadrez-console\Xadrez-console.csproj", "{1E16D45E-C37C-4546-9117-3D96314AC210}"
EndProject
Global
	GlobalSection(SolutionConfigurationPlatforms) = preSolution
		Debug|Any CPU = Debug|Any CPU
		Release|Any CPU = Release|Any CPU
	EndGlobalSection
	GlobalSection(ProjectConfigurationPlatforms) = postSolution
		{1E16D45E-C37C-4546-9117-3D96314AC210}.Debug|Any CPU.ActiveCfg = Debug|Any CPU
		{1E16D45E-C37C-4546-9117-3D96314AC210}.Debug|Any CPU.Build.0 = Debug|Any CPU
		{1E16D45E-C37C-4546-9117-3D96314AC210}.Release|Any CPU.ActiveCfg = Release|Any CPU
		{1E16D45E-C37C-4546-9117-3D96314AC210}.Release|Any CPU.Build.0 = Release|Any CPU
	EndGlobalSection
	GlobalSection(SolutionProperties) = preSolution
		HideSolutionNode = FALSE
	EndGlobalSection
	GlobalSection(ExtensibilityGlobals) = postSolution
		SolutionGuid = {C5D8D5BA-62E5-45FC-B40F-9B8211E1A938}
	EndGlobalSection
EndGlobal
